
Microsoft Visual Studio Solution File, Format Version 12.00
# Visual Studio Version 16
VisualStudioVersion = 16.0.810.21
MinimumVisualStudioVersion = 10.0.40219.1
Project("{FAE04EC0-301F-11D3-BF4B-00C04F79EFBC}") = "VisualStudioMac.GetGitUrl", "VisualStudioMac.GetGitUrl\VisualStudioMac.GetGitUrl.csproj", "{B76544EB-3B8A-4855-9862-0134439788ED}"
EndProject
Global
	GlobalSection(SolutionConfigurationPlatforms) = preSolution
		Debug|Any CPU = Debug|Any CPU
		Release|Any CPU = Release|Any CPU
	EndGlobalSection
	GlobalSection(ProjectConfigurationPlatforms) = postSolution
		{B76544EB-3B8A-4855-9862-0134439788ED}.Debug|Any CPU.ActiveCfg = Debug|Any CPU
		{B76544EB-3B8A-4855-9862-0134439788ED}.Debug|Any CPU.Build.0 = Debug|Any CPU
		{B76544EB-3B8A-4855-9862-0134439788ED}.Release|Any CPU.ActiveCfg = Release|Any CPU
		{B76544EB-3B8A-4855-9862-0134439788ED}.Release|Any CPU.Build.0 = Release|Any CPU
	EndGlobalSection
	GlobalSection(SolutionProperties) = preSolution
		HideSolutionNode = FALSE
	EndGlobalSection
	GlobalSection(ExtensibilityGlobals) = postSolution
		SolutionGuid = {E431C03B-6C62-4222-906B-11A6F803F912}
	EndGlobalSection
EndGlobal
